{
  "originHash" : "6b7ad6f5d8de416f7f14c4f1bb1b7b5cc2acd1ee930a7d17a09df30132378e60",
  "pins" : [
    {
      "identity" : "sparkle",
      "kind" : "remoteSourceControl",
      "location" : "https://github.com/sparkle-project/Sparkle",
      "state" : {
        "revision" : "ac2def288cbff5cfc7df3ffef6abdf45b72bcb0a",
        "version" : "2.9.6"
      }
    }
  ],
  "version" : 3
}
